{
  "name": "@eustache_kamala/tiny",
  "version": "1.0.0",
  "lockfileVersion": 3,
  "requires": true,
  "packages": {
    "": {
      "name": "@eustache_kamala/tiny",
      "version": "1.0.0",
      "license": "MIT",
      "dependencies": {
        "@eustache_kamala/tiny": "^1.0.0"
      }
    },
    "node_modules/@eustache_kamala/tiny": {
      "version": "1.0.0",
      "resolved": "https://registry.npmjs.org/@eustache_kamala/tiny/-/tiny-1.0.0.tgz",
      "integrity": "sha512-aBOxYNT6lv/4qBlYDnZG9yj1YNF1FS374k2Tbi1VNs8IWFhvQzBMlLSPVoVlA6G59zuoiorIl2XqW8rOm79gSw=="
    }
  }
}
